// !$*UTF8*$!
{
	archiveVersion = 1;
	classes = {
	};
	objectVersion = 52;
	objects = {

/* Begin PBXBuildFile section */
		C85D48D0265AA2FD00418326 /* ArtGalleryApp.swift in Sources */ = {isa = PBXBuildFile; fileRef = C85D48CF265AA2FD00418326 /* ArtGalleryApp.swift */; };
		C85D48D4265AA2FF00418326 /* Assets.xcassets in Resources */ = {isa = PBXBuildFile; fileRef = C85D48D3265AA2FF00418326 /* Assets.xcassets */; };
		C85D48D7265AA2FF00418326 /* Preview Assets.xcassets in Resources */ = {isa = PBXBuildFile; fileRef = C85D48D6265AA2FF00418326 /* Preview Assets.xcassets */; };
		C85D4901265AA56D00418326 /* rijksmuseum-Info.plist in Resources */ = {isa = PBXBuildFile; fileRef = C85D4900265AA56D00418326 /* rijksmuseum-Info.plist */; };
		C85D493B265AC4F000418326 /* IGalleryViewModel.swift in Sources */ = {isa = PBXBuildFile; fileRef = C85D493A265AC4F000418326 /* IGalleryViewModel.swift */; };
		C85D493D265AC55600418326 /* GalleryView.swift in Sources */ = {isa = PBXBuildFile; fileRef = C85D493C265AC55600418326 /* GalleryView.swift */; };
		C85D4940265AC5E700418326 /* GalleryViewModel.swift in Sources */ = {isa = PBXBuildFile; fileRef = C85D493F265AC5E700418326 /* GalleryViewModel.swift */; };
		C85D4943265AC71100418326 /* NetworkingModule in Frameworks */ = {isa = PBXBuildFile; productRef = C85D4942265AC71100418326 /* NetworkingModule */; };
		C85D4946265AC79E00418326 /* ViewFactory.swift in Sources */ = {isa = PBXBuildFile; fileRef = C85D4945265AC79E00418326 /* ViewFactory.swift */; };
		C85D4948265AC82300418326 /* GalleryViewFactory.swift in Sources */ = {isa = PBXBuildFile; fileRef = C85D4947265AC82300418326 /* GalleryViewFactory.swift */; };
		C85D494A265AC8EF00418326 /* AppRoute.swift in Sources */ = {isa = PBXBuildFile; fileRef = C85D4949265AC8EF00418326 /* AppRoute.swift */; };
		C85D494C265AC90100418326 /* AppViewFactory.swift in Sources */ = {isa = PBXBuildFile; fileRef = C85D494B265AC90100418326 /* AppViewFactory.swift */; };
		C85D494F265ACA6900418326 /* GalleryDependencyResolver.swift in Sources */ = {isa = PBXBuildFile; fileRef = C85D494E265ACA6900418326 /* GalleryDependencyResolver.swift */; };
		C85D4952265ACBA400418326 /* API.swift in Sources */ = {isa = PBXBuildFile; fileRef = C85D4951265ACBA400418326 /* API.swift */; };
		C85D4954265ACBC000418326 /* APIManager.swift in Sources */ = {isa = PBXBuildFile; fileRef = C85D4953265ACBC000418326 /* APIManager.swift */; };
		C85D4958265AD10400418326 /* ArtViewModel.swift in Sources */ = {isa = PBXBuildFile; fileRef = C85D4957265AD10400418326 /* ArtViewModel.swift */; };
		C85D495A265AD11B00418326 /* RemoteImageViewModel.swift in Sources */ = {isa = PBXBuildFile; fileRef = C85D4959265AD11B00418326 /* RemoteImageViewModel.swift */; };
		C85D495C265AD27100418326 /* GalleryError.swift in Sources */ = {isa = PBXBuildFile; fileRef = C85D495B265AD27100418326 /* GalleryError.swift */; };
		C85D495F265AD3C400418326 /* GalleryViewModelTests.swift in Sources */ = {isa = PBXBuildFile; fileRef = C85D495E265AD3C400418326 /* GalleryViewModelTests.swift */; };
		C85D4961265AD50E00418326 /* MockGalleryViewModelDependency.swift in Sources */ = {isa = PBXBuildFile; fileRef = C85D4960265AD50E00418326 /* MockGalleryViewModelDependency.swift */; };
		C85D4963265ADB8B00418326 /* CardConfiguration.swift in Sources */ = {isa = PBXBuildFile; fileRef = C85D4962265ADB8B00418326 /* CardConfiguration.swift */; };
		C85D4966265ADDFF00418326 /* DynamicGridView.swift in Sources */ = {isa = PBXBuildFile; fileRef = C85D4965265ADDFF00418326 /* DynamicGridView.swift */; };
		C85D496A265AE44200418326 /* SearchContainer.swift in Sources */ = {isa = PBXBuildFile; fileRef = C85D4969265AE44200418326 /* SearchContainer.swift */; };
		C85D496C265AE45000418326 /* SearchBar.swift in Sources */ = {isa = PBXBuildFile; fileRef = C85D496B265AE45000418326 /* SearchBar.swift */; };
		C85D496F265AE49F00418326 /* VisualEffectView.swift in Sources */ = {isa = PBXBuildFile; fileRef = C85D496E265AE49F00418326 /* VisualEffectView.swift */; };
		C85D4972265AE60400418326 /* GalleryGridItem.swift in Sources */ = {isa = PBXBuildFile; fileRef = C85D4971265AE60400418326 /* GalleryGridItem.swift */; };
		C85D4975265AE6B200418326 /* DynamicImage.swift in Sources */ = {isa = PBXBuildFile; fileRef = C85D4974265AE6B200418326 /* DynamicImage.swift */; };
		C85D4978265AE77400418326 /* Kingfisher in Frameworks */ = {isa = PBXBuildFile; productRef = C85D4977265AE77400418326 /* Kingfisher */; };
		C85D497B265AE7D400418326 /* ImageUrlManipulator.swift in Sources */ = {isa = PBXBuildFile; fileRef = C85D497A265AE7D400418326 /* ImageUrlManipulator.swift */; };
		C85D497D265AE80C00418326 /* ServerScalingDeterminator.swift in Sources */ = {isa = PBXBuildFile; fileRef = C85D497C265AE80C00418326 /* ServerScalingDeterminator.swift */; };
		C85D4980265AE8CD00418326 /* Double+Extension.swift in Sources */ = {isa = PBXBuildFile; fileRef = C85D497F265AE8CD00418326 /* Double+Extension.swift */; };
		C85D4983265AE8F800418326 /* ColorScheme.swift in Sources */ = {isa = PBXBuildFile; fileRef = C85D4982265AE8F800418326 /* ColorScheme.swift */; };
/* End PBXBuildFile section */

/* Begin PBXContainerItemProxy section */
		C85D48DE265AA2FF00418326 /* PBXContainerItemProxy */ = {
			isa = PBXContainerItemProxy;
			containerPortal = C85D48C4265AA2FD00418326 /* Project object */;
			proxyType = 1;
			remoteGlobalIDString = C85D48CB265AA2FD00418326;
			remoteInfo = ArtGallery;
		};
/* End PBXContainerItemProxy section */

/* Begin PBXFileReference section */
		C85D48CC265AA2FD00418326 /* ArtGallery.app */ = {isa = PBXFileReference; explicitFileType = wrapper.application; includeInIndex = 0; path = ArtGallery.app; sourceTree = BUILT_PRODUCTS_DIR; };
		C85D48CF265AA2FD00418326 /* ArtGalleryApp.swift */ = {isa = PBXFileReference; lastKnownFileType = sourcecode.swift; path = ArtGalleryApp.swift; sourceTree = "<group>"; };
		C85D48D3265AA2FF00418326 /* Assets.xcassets */ = {isa = PBXFileReference; lastKnownFileType = folder.assetcatalog; path = Assets.xcassets; sourceTree = "<group>"; };
		C85D48D6265AA2FF00418326 /* Preview Assets.xcassets */ = {isa = PBXFileReference; lastKnownFileType = folder.assetcatalog; path = "Preview Assets.xcassets"; sourceTree = "<group>"; };
		C85D48D8265AA2FF00418326 /* Info.plist */ = {isa = PBXFileReference; lastKnownFileType = text.plist.xml; path = Info.plist; sourceTree = "<group>"; };
		C85D48DD265AA2FF00418326 /* ArtGalleryTests.xctest */ = {isa = PBXFileReference; explicitFileType = wrapper.cfbundle; includeInIndex = 0; path = ArtGalleryTests.xctest; sourceTree = BUILT_PRODUCTS_DIR; };
		C85D48E3265AA2FF00418326 /* Info.plist */ = {isa = PBXFileReference; lastKnownFileType = text.plist.xml; path = Info.plist; sourceTree = "<group>"; };
		C85D4900265AA56D00418326 /* rijksmuseum-Info.plist */ = {isa = PBXFileReference; fileEncoding = 4; lastKnownFileType = text.plist.xml; path = "rijksmuseum-Info.plist"; sourceTree = "<group>"; };
		C85D493A265AC4F000418326 /* IGalleryViewModel.swift */ = {isa = PBXFileReference; lastKnownFileType = sourcecode.swift; path = IGalleryViewModel.swift; sourceTree = "<group>"; };
		C85D493C265AC55600418326 /* GalleryView.swift */ = {isa = PBXFileReference; lastKnownFileType = sourcecode.swift; path = GalleryView.swift; sourceTree = "<group>"; };
		C85D493F265AC5E700418326 /* GalleryViewModel.swift */ = {isa = PBXFileReference; lastKnownFileType = sourcecode.swift; path = GalleryViewModel.swift; sourceTree = "<group>"; };
		C85D4945265AC79E00418326 /* ViewFactory.swift */ = {isa = PBXFileReference; lastKnownFileType = sourcecode.swift; path = ViewFactory.swift; sourceTree = "<group>"; };
		C85D4947265AC82300418326 /* GalleryViewFactory.swift */ = {isa = PBXFileReference; lastKnownFileType = sourcecode.swift; path = GalleryViewFactory.swift; sourceTree = "<group>"; };
		C85D4949265AC8EF00418326 /* AppRoute.swift */ = {isa = PBXFileReference; lastKnownFileType = sourcecode.swift; path = AppRoute.swift; sourceTree = "<group>"; };
		C85D494B265AC90100418326 /* AppViewFactory.swift */ = {isa = PBXFileReference; lastKnownFileType = sourcecode.swift; path = AppViewFactory.swift; sourceTree = "<group>"; };
		C85D494E265ACA6900418326 /* GalleryDependencyResolver.swift */ = {isa = PBXFileReference; lastKnownFileType = sourcecode.swift; path = GalleryDependencyResolver.swift; sourceTree = "<group>"; };
		C85D4951265ACBA400418326 /* API.swift */ = {isa = PBXFileReference; lastKnownFileType = sourcecode.swift; path = API.swift; sourceTree = "<group>"; };
		C85D4953265ACBC000418326 /* APIManager.swift */ = {isa = PBXFileReference; lastKnownFileType = sourcecode.swift; path = APIManager.swift; sourceTree = "<group>"; };
		C85D4957265AD10400418326 /* ArtViewModel.swift */ = {isa = PBXFileReference; lastKnownFileType = sourcecode.swift; path = ArtViewModel.swift; sourceTree = "<group>"; };
		C85D4959265AD11B00418326 /* RemoteImageViewModel.swift */ = {isa = PBXFileReference; lastKnownFileType = sourcecode.swift; path = RemoteImageViewModel.swift; sourceTree = "<group>"; };
		C85D495B265AD27100418326 /* GalleryError.swift */ = {isa = PBXFileReference; lastKnownFileType = sourcecode.swift; path = GalleryError.swift; sourceTree = "<group>"; };
		C85D495E265AD3C400418326 /* GalleryViewModelTests.swift */ = {isa = PBXFileReference; lastKnownFileType = sourcecode.swift; path = GalleryViewModelTests.swift; sourceTree = "<group>"; };
		C85D4960265AD50E00418326 /* MockGalleryViewModelDependency.swift */ = {isa = PBXFileReference; lastKnownFileType = sourcecode.swift; path = MockGalleryViewModelDependency.swift; sourceTree = "<group>"; };
		C85D4962265ADB8B00418326 /* CardConfiguration.swift */ = {isa = PBXFileReference; lastKnownFileType = sourcecode.swift; path = CardConfiguration.swift; sourceTree = "<group>"; };
		C85D4965265ADDFF00418326 /* DynamicGridView.swift */ = {isa = PBXFileReference; lastKnownFileType = sourcecode.swift; path = DynamicGridView.swift; sourceTree = "<group>"; };
		C85D4969265AE44200418326 /* SearchContainer.swift */ = {isa = PBXFileReference; lastKnownFileType = sourcecode.swift; path = SearchContainer.swift; sourceTree = "<group>"; };
		C85D496B265AE45000418326 /* SearchBar.swift */ = {isa = PBXFileReference; lastKnownFileType = sourcecode.swift; path = SearchBar.swift; sourceTree = "<group>"; };
		C85D496E265AE49F00418326 /* VisualEffectView.swift */ = {isa = PBXFileReference; lastKnownFileType = sourcecode.swift; path = VisualEffectView.swift; sourceTree = "<group>"; };
		C85D4971265AE60400418326 /* GalleryGridItem.swift */ = {isa = PBXFileReference; lastKnownFileType = sourcecode.swift; path = GalleryGridItem.swift; sourceTree = "<group>"; };
		C85D4974265AE6B200418326 /* DynamicImage.swift */ = {isa = PBXFileReference; lastKnownFileType = sourcecode.swift; path = DynamicImage.swift; sourceTree = "<group>"; };
		C85D497A265AE7D400418326 /* ImageUrlManipulator.swift */ = {isa = PBXFileReference; lastKnownFileType = sourcecode.swift; path = ImageUrlManipulator.swift; sourceTree = "<group>"; };
		C85D497C265AE80C00418326 /* ServerScalingDeterminator.swift */ = {isa = PBXFileReference; lastKnownFileType = sourcecode.swift; path = ServerScalingDeterminator.swift; sourceTree = "<group>"; };
		C85D497F265AE8CD00418326 /* Double+Extension.swift */ = {isa = PBXFileReference; fileEncoding = 4; lastKnownFileType = sourcecode.swift; path = "Double+Extension.swift"; sourceTree = "<group>"; };
		C85D4982265AE8F800418326 /* ColorScheme.swift */ = {isa = PBXFileReference; fileEncoding = 4; lastKnownFileType = sourcecode.swift; path = ColorScheme.swift; sourceTree = "<group>"; };
/* End PBXFileReference section */

/* Begin PBXFrameworksBuildPhase section */
		C85D48C9265AA2FD00418326 /* Frameworks */ = {
			isa = PBXFrameworksBuildPhase;
			buildActionMask = 2147483647;
			files = (
				C85D4978265AE77400418326 /* Kingfisher in Frameworks */,
				C85D4943265AC71100418326 /* NetworkingModule in Frameworks */,
			);
			runOnlyForDeploymentPostprocessing = 0;
		};
		C85D48DA265AA2FF00418326 /* Frameworks */ = {
			isa = PBXFrameworksBuildPhase;
			buildActionMask = 2147483647;
			files = (
			);
			runOnlyForDeploymentPostprocessing = 0;
		};
/* End PBXFrameworksBuildPhase section */

/* Begin PBXGroup section */
		C85D48C3265AA2FD00418326 = {
			isa = PBXGroup;
			children = (
				C85D48CE265AA2FD00418326 /* ArtGallery */,
				C85D48E0265AA2FF00418326 /* ArtGalleryTests */,
				C85D48CD265AA2FD00418326 /* Products */,
				C85D4941265AC71100418326 /* Frameworks */,
			);
			sourceTree = "<group>";
		};
		C85D48CD265AA2FD00418326 /* Products */ = {
			isa = PBXGroup;
			children = (
				C85D48CC265AA2FD00418326 /* ArtGallery.app */,
				C85D48DD265AA2FF00418326 /* ArtGalleryTests.xctest */,
			);
			name = Products;
			sourceTree = "<group>";
		};
		C85D48CE265AA2FD00418326 /* ArtGallery */ = {
			isa = PBXGroup;
			children = (
				C85D48FF265AA56D00418326 /* keys */,
				C85D48FE265AA54600418326 /* app */,
				C85D48D3265AA2FF00418326 /* Assets.xcassets */,
				C85D48D8265AA2FF00418326 /* Info.plist */,
				C85D48D5265AA2FF00418326 /* Preview Content */,
			);
			path = ArtGallery;
			sourceTree = "<group>";
		};
		C85D48D5265AA2FF00418326 /* Preview Content */ = {
			isa = PBXGroup;
			children = (
				C85D48D6265AA2FF00418326 /* Preview Assets.xcassets */,
			);
			path = "Preview Content";
			sourceTree = "<group>";
		};
		C85D48E0265AA2FF00418326 /* ArtGalleryTests */ = {
			isa = PBXGroup;
			children = (
				C85D495D265AD38C00418326 /* Gallery */,
				C85D48E3265AA2FF00418326 /* Info.plist */,
			);
			path = ArtGalleryTests;
			sourceTree = "<group>";
		};
		C85D48FE265AA54600418326 /* app */ = {
			isa = PBXGroup;
			children = (
				C85D4981265AE8E000418326 /* ColorScheme */,
				C85D4970265AE56E00418326 /* Util */,
				C85D4964265ADDE000418326 /* ViewComponents */,
				C85D4950265ACB4000418326 /* Api */,
				C85D494D265AC9E300418326 /* Dependency */,
				C85D4944265AC79500418326 /* ViewFactory */,
				C85D4902265AC3D900418326 /* Gallery */,
				C85D48CF265AA2FD00418326 /* ArtGalleryApp.swift */,
			);
			path = app;
			sourceTree = "<group>";
		};
		C85D48FF265AA56D00418326 /* keys */ = {
			isa = PBXGroup;
			children = (
				C85D4900265AA56D00418326 /* rijksmuseum-Info.plist */,
			);
			path = keys;
			sourceTree = "<group>";
		};
		C85D4902265AC3D900418326 /* Gallery */ = {
			isa = PBXGroup;
			children = (
				C85D4956265AD0EC00418326 /* view */,
				C85D4955265AD0E700418326 /* model */,
				C85D493E265AC5DD00418326 /* domain */,
			);
			path = Gallery;
			sourceTree = "<group>";
		};
		C85D493E265AC5DD00418326 /* domain */ = {
			isa = PBXGroup;
			children = (
				C85D4947265AC82300418326 /* GalleryViewFactory.swift */,
				C85D493A265AC4F000418326 /* IGalleryViewModel.swift */,
				C85D493F265AC5E700418326 /* GalleryViewModel.swift */,
			);
			path = domain;
			sourceTree = "<group>";
		};
		C85D4941265AC71100418326 /* Frameworks */ = {
			isa = PBXGroup;
			children = (
			);
			name = Frameworks;
			sourceTree = "<group>";
		};
		C85D4944265AC79500418326 /* ViewFactory */ = {
			isa = PBXGroup;
			children = (
				C85D4945265AC79E00418326 /* ViewFactory.swift */,
				C85D4949265AC8EF00418326 /* AppRoute.swift */,
				C85D494B265AC90100418326 /* AppViewFactory.swift */,
			);
			path = ViewFactory;
			sourceTree = "<group>";
		};
		C85D494D265AC9E300418326 /* Dependency */ = {
			isa = PBXGroup;
			children = (
				C85D494E265ACA6900418326 /* GalleryDependencyResolver.swift */,
			);
			path = Dependency;
			sourceTree = "<group>";
		};
		C85D4950265ACB4000418326 /* Api */ = {
			isa = PBXGroup;
			children = (
				C85D4951265ACBA400418326 /* API.swift */,
				C85D4953265ACBC000418326 /* APIManager.swift */,
			);
			path = Api;
			sourceTree = "<group>";
		};
		C85D4955265AD0E700418326 /* model */ = {
			isa = PBXGroup;
			children = (
				C85D4957265AD10400418326 /* ArtViewModel.swift */,
				C85D4959265AD11B00418326 /* RemoteImageViewModel.swift */,
				C85D495B265AD27100418326 /* GalleryError.swift */,
				C85D4962265ADB8B00418326 /* CardConfiguration.swift */,
			);
			path = model;
			sourceTree = "<group>";
		};
		C85D4956265AD0EC00418326 /* view */ = {
			isa = PBXGroup;
			children = (
				C85D493C265AC55600418326 /* GalleryView.swift */,
				C85D4971265AE60400418326 /* GalleryGridItem.swift */,
			);
			path = view;
			sourceTree = "<group>";
		};
		C85D495D265AD38C00418326 /* Gallery */ = {
			isa = PBXGroup;
			children = (
				C85D495E265AD3C400418326 /* GalleryViewModelTests.swift */,
				C85D4960265AD50E00418326 /* MockGalleryViewModelDependency.swift */,
			);
			path = Gallery;
			sourceTree = "<group>";
		};
		C85D4964265ADDE000418326 /* ViewComponents */ = {
			isa = PBXGroup;
			children = (
				C85D496D265AE46800418326 /* visualeffect */,
				C85D4968265AE42400418326 /* search */,
				C85D4967265AE41D00418326 /* grid */,
			);
			path = ViewComponents;
			sourceTree = "<group>";
		};
		C85D4967265AE41D00418326 /* grid */ = {
			isa = PBXGroup;
			children = (
				C85D4965265ADDFF00418326 /* DynamicGridView.swift */,
			);
			path = grid;
			sourceTree = "<group>";
		};
		C85D4968265AE42400418326 /* search */ = {
			isa = PBXGroup;
			children = (
				C85D4969265AE44200418326 /* SearchContainer.swift */,
				C85D496B265AE45000418326 /* SearchBar.swift */,
			);
			path = search;
			sourceTree = "<group>";
		};
		C85D496D265AE46800418326 /* visualeffect */ = {
			isa = PBXGroup;
			children = (
				C85D496E265AE49F00418326 /* VisualEffectView.swift */,
			);
			path = visualeffect;
			sourceTree = "<group>";
		};
		C85D4970265AE56E00418326 /* Util */ = {
			isa = PBXGroup;
			children = (
				C85D497E265AE8C000418326 /* Extension */,
				C85D4979265AE7BD00418326 /* ImageManipulation */,
				C85D4973265AE69600418326 /* DynamicImage */,
			);
			path = Util;
			sourceTree = "<group>";
		};
		C85D4973265AE69600418326 /* DynamicImage */ = {
			isa = PBXGroup;
			children = (
				C85D4974265AE6B200418326 /* DynamicImage.swift */,
			);
			path = DynamicImage;
			sourceTree = "<group>";
		};
		C85D4979265AE7BD00418326 /* ImageManipulation */ = {
			isa = PBXGroup;
			children = (
				C85D497A265AE7D400418326 /* ImageUrlManipulator.swift */,
				C85D497C265AE80C00418326 /* ServerScalingDeterminator.swift */,
			);
			path = ImageManipulation;
			sourceTree = "<group>";
		};
		C85D497E265AE8C000418326 /* Extension */ = {
			isa = PBXGroup;
			children = (
				C85D497F265AE8CD00418326 /* Double+Extension.swift */,
			);
			path = Extension;
			sourceTree = "<group>";
		};
		C85D4981265AE8E000418326 /* ColorScheme */ = {
			isa = PBXGroup;
			children = (
				C85D4982265AE8F800418326 /* ColorScheme.swift */,
			);
			path = ColorScheme;
			sourceTree = "<group>";
		};
/* End PBXGroup section */

/* Begin PBXNativeTarget section */
		C85D48CB265AA2FD00418326 /* ArtGallery */ = {
			isa = PBXNativeTarget;
			buildConfigurationList = C85D48F1265AA2FF00418326 /* Build configuration list for PBXNativeTarget "ArtGallery" */;
			buildPhases = (
				C85D48C8265AA2FD00418326 /* Sources */,
				C85D48C9265AA2FD00418326 /* Frameworks */,
				C85D48CA265AA2FD00418326 /* Resources */,
			);
			buildRules = (
			);
			dependencies = (
			);
			name = ArtGallery;
			packageProductDependencies = (
				C85D4942265AC71100418326 /* NetworkingModule */,
				C85D4977265AE77400418326 /* Kingfisher */,
			);
			productName = ArtGallery;
			productReference = C85D48CC265AA2FD00418326 /* ArtGallery.app */;
			productType = "com.apple.product-type.application";
		};
		C85D48DC265AA2FF00418326 /* ArtGalleryTests */ = {
			isa = PBXNativeTarget;
			buildConfigurationList = C85D48F4265AA2FF00418326 /* Build configuration list for PBXNativeTarget "ArtGalleryTests" */;
			buildPhases = (
				C85D48D9265AA2FF00418326 /* Sources */,
				C85D48DA265AA2FF00418326 /* Frameworks */,
				C85D48DB265AA2FF00418326 /* Resources */,
			);
			buildRules = (
			);
			dependencies = (
				C85D48DF265AA2FF00418326 /* PBXTargetDependency */,
			);
			name = ArtGalleryTests;
			productName = ArtGalleryTests;
			productReference = C85D48DD265AA2FF00418326 /* ArtGalleryTests.xctest */;
			productType = "com.apple.product-type.bundle.unit-test";
		};
/* End PBXNativeTarget section */

/* Begin PBXProject section */
		C85D48C4265AA2FD00418326 /* Project object */ = {
			isa = PBXProject;
			attributes = {
				LastSwiftUpdateCheck = 1250;
				LastUpgradeCheck = 1250;
				TargetAttributes = {
					C85D48CB265AA2FD00418326 = {
						CreatedOnToolsVersion = 12.5;
					};
					C85D48DC265AA2FF00418326 = {
						CreatedOnToolsVersion = 12.5;
						LastSwiftMigration = 1250;
						TestTargetID = C85D48CB265AA2FD00418326;
					};
				};
			};
			buildConfigurationList = C85D48C7265AA2FD00418326 /* Build configuration list for PBXProject "ArtGallery" */;
			compatibilityVersion = "Xcode 9.3";
			developmentRegion = en;
			hasScannedForEncodings = 0;
			knownRegions = (
				en,
				Base,
			);
			mainGroup = C85D48C3265AA2FD00418326;
			packageReferences = (
				C85D4976265AE77400418326 /* XCRemoteSwiftPackageReference "Kingfisher" */,
			);
			productRefGroup = C85D48CD265AA2FD00418326 /* Products */;
			projectDirPath = "";
			projectRoot = "";
			targets = (
				C85D48CB265AA2FD00418326 /* ArtGallery */,
				C85D48DC265AA2FF00418326 /* ArtGalleryTests */,
			);
		};
/* End PBXProject section */

/* Begin PBXResourcesBuildPhase section */
		C85D48CA265AA2FD00418326 /* Resources */ = {
			isa = PBXResourcesBuildPhase;
			buildActionMask = 2147483647;
			files = (
				C85D4901265AA56D00418326 /* rijksmuseum-Info.plist in Resources */,
				C85D48D7265AA2FF00418326 /* Preview Assets.xcassets in Resources */,
				C85D48D4265AA2FF00418326 /* Assets.xcassets in Resources */,
			);
			runOnlyForDeploymentPostprocessing = 0;
		};
		C85D48DB265AA2FF00418326 /* Resources */ = {
			isa = PBXResourcesBuildPhase;
			buildActionMask = 2147483647;
			files = (
			);
			runOnlyForDeploymentPostprocessing = 0;
		};
/* End PBXResourcesBuildPhase section */

/* Begin PBXSourcesBuildPhase section */
		C85D48C8265AA2FD00418326 /* Sources */ = {
			isa = PBXSourcesBuildPhase;
			buildActionMask = 2147483647;
			files = (
				C85D4958265AD10400418326 /* ArtViewModel.swift in Sources */,
				C85D4972265AE60400418326 /* GalleryGridItem.swift in Sources */,
				C85D494F265ACA6900418326 /* GalleryDependencyResolver.swift in Sources */,
				C85D4963265ADB8B00418326 /* CardConfiguration.swift in Sources */,
				C85D497D265AE80C00418326 /* ServerScalingDeterminator.swift in Sources */,
				C85D493B265AC4F000418326 /* IGalleryViewModel.swift in Sources */,
				C85D4983265AE8F800418326 /* ColorScheme.swift in Sources */,
				C85D4940265AC5E700418326 /* GalleryViewModel.swift in Sources */,
				C85D496C265AE45000418326 /* SearchBar.swift in Sources */,
				C85D4948265AC82300418326 /* GalleryViewFactory.swift in Sources */,
				C85D4966265ADDFF00418326 /* DynamicGridView.swift in Sources */,
				C85D4954265ACBC000418326 /* APIManager.swift in Sources */,
				C85D4952265ACBA400418326 /* API.swift in Sources */,
				C85D496A265AE44200418326 /* SearchContainer.swift in Sources */,
				C85D494C265AC90100418326 /* AppViewFactory.swift in Sources */,
				C85D4946265AC79E00418326 /* ViewFactory.swift in Sources */,
				C85D4975265AE6B200418326 /* DynamicImage.swift in Sources */,
				C85D495A265AD11B00418326 /* RemoteImageViewModel.swift in Sources */,
				C85D497B265AE7D400418326 /* ImageUrlManipulator.swift in Sources */,
				C85D493D265AC55600418326 /* GalleryView.swift in Sources */,
				C85D494A265AC8EF00418326 /* AppRoute.swift in Sources */,
				C85D4980265AE8CD00418326 /* Double+Extension.swift in Sources */,
				C85D48D0265AA2FD00418326 /* ArtGalleryApp.swift in Sources */,
				C85D496F265AE49F00418326 /* VisualEffectView.swift in Sources */,
				C85D495C265AD27100418326 /* GalleryError.swift in Sources */,
			);
			runOnlyForDeploymentPostprocessing = 0;
		};
		C85D48D9265AA2FF00418326 /* Sources */ = {
			isa = PBXSourcesBuildPhase;
			buildActionMask = 2147483647;
			files = (
				C85D4961265AD50E00418326 /* MockGalleryViewModelDependency.swift in Sources */,
				C85D495F265AD3C400418326 /* GalleryViewModelTests.swift in Sources */,
			);
			runOnlyForDeploymentPostprocessing = 0;
		};
/* End PBXSourcesBuildPhase section */

/* Begin PBXTargetDependency section */
		C85D48DF265AA2FF00418326 /* PBXTargetDependency */ = {
			isa = PBXTargetDependency;
			target = C85D48CB265AA2FD00418326 /* ArtGallery */;
			targetProxy = C85D48DE265AA2FF00418326 /* PBXContainerItemProxy */;
		};
/* End PBXTargetDependency section */

/* Begin XCBuildConfiguration section */
		C85D48EF265AA2FF00418326 /* Debug */ = {
			isa = XCBuildConfiguration;
			buildSettings = {
				ALWAYS_SEARCH_USER_PATHS = NO;
				CLANG_ANALYZER_NONNULL = YES;
				CLANG_ANALYZER_NUMBER_OBJECT_CONVERSION = YES_AGGRESSIVE;
				CLANG_CXX_LANGUAGE_STANDARD = "gnu++14";
				CLANG_CXX_LIBRARY = "libc++";
				CLANG_ENABLE_MODULES = YES;
				CLANG_ENABLE_OBJC_ARC = YES;
				CLANG_ENABLE_OBJC_WEAK = YES;
				CLANG_WARN_BLOCK_CAPTURE_AUTORELEASING = YES;
				CLANG_WARN_BOOL_CONVERSION = YES;
				CLANG_WARN_COMMA = YES;
				CLANG_WARN_CONSTANT_CONVERSION = YES;
				CLANG_WARN_DEPRECATED_OBJC_IMPLEMENTATIONS = YES;
				CLANG_WARN_DIRECT_OBJC_ISA_USAGE = YES_ERROR;
				CLANG_WARN_DOCUMENTATION_COMMENTS = YES;
				CLANG_WARN_EMPTY_BODY = YES;
				CLANG_WARN_ENUM_CONVERSION = YES;
				CLANG_WARN_INFINITE_RECURSION = YES;
				CLANG_WARN_INT_CONVERSION = YES;
				CLANG_WARN_NON_LITERAL_NULL_CONVERSION = YES;
				CLANG_WARN_OBJC_IMPLICIT_RETAIN_SELF = YES;
				CLANG_WARN_OBJC_LITERAL_CONVERSION = YES;
				CLANG_WARN_OBJC_ROOT_CLASS = YES_ERROR;
				CLANG_WARN_QUOTED_INCLUDE_IN_FRAMEWORK_HEADER = YES;
				CLANG_WARN_RANGE_LOOP_ANALYSIS = YES;
				CLANG_WARN_STRICT_PROTOTYPES = YES;
				CLANG_WARN_SUSPICIOUS_MOVE = YES;
				CLANG_WARN_UNGUARDED_AVAILABILITY = YES_AGGRESSIVE;
				CLANG_WARN_UNREACHABLE_CODE = YES;
				CLANG_WARN__DUPLICATE_METHOD_MATCH = YES;
				COPY_PHASE_STRIP = NO;
				DEBUG_INFORMATION_FORMAT = dwarf;
				ENABLE_STRICT_OBJC_MSGSEND = YES;
				ENABLE_TESTABILITY = YES;
				GCC_C_LANGUAGE_STANDARD = gnu11;
				GCC_DYNAMIC_NO_PIC = NO;
				GCC_NO_COMMON_BLOCKS = YES;
				GCC_OPTIMIZATION_LEVEL = 0;
				GCC_PREPROCESSOR_DEFINITIONS = (
					"DEBUG=1",
					"$(inherited)",
				);
				GCC_WARN_64_TO_32_BIT_CONVERSION = YES;
				GCC_WARN_ABOUT_RETURN_TYPE = YES_ERROR;
				GCC_WARN_UNDECLARED_SELECTOR = YES;
				GCC_WARN_UNINITIALIZED_AUTOS = YES_AGGRESSIVE;
				GCC_WARN_UNUSED_FUNCTION = YES;
				GCC_WARN_UNUSED_VARIABLE = YES;
				IPHONEOS_DEPLOYMENT_TARGET = 14.5;
				MTL_ENABLE_DEBUG_INFO = INCLUDE_SOURCE;
				MTL_FAST_MATH = YES;
				ONLY_ACTIVE_ARCH = YES;
				SDKROOT = iphoneos;
				SWIFT_ACTIVE_COMPILATION_CONDITIONS = DEBUG;
				SWIFT_OPTIMIZATION_LEVEL = "-Onone";
			};
			name = Debug;
		};
		C85D48F0265AA2FF00418326 /* Release */ = {
			isa = XCBuildConfiguration;
			buildSettings = {
				ALWAYS_SEARCH_USER_PATHS = NO;
				CLANG_ANALYZER_NONNULL = YES;
				CLANG_ANALYZER_NUMBER_OBJECT_CONVERSION = YES_AGGRESSIVE;
				CLANG_CXX_LANGUAGE_STANDARD = "gnu++14";
				CLANG_CXX_LIBRARY = "libc++";
				CLANG_ENABLE_MODULES = YES;
				CLANG_ENABLE_OBJC_ARC = YES;
				CLANG_ENABLE_OBJC_WEAK = YES;
				CLANG_WARN_BLOCK_CAPTURE_AUTORELEASING = YES;
				CLANG_WARN_BOOL_CONVERSION = YES;
				CLANG_WARN_COMMA = YES;
				CLANG_WARN_CONSTANT_CONVERSION = YES;
				CLANG_WARN_DEPRECATED_OBJC_IMPLEMENTATIONS = YES;
				CLANG_WARN_DIRECT_OBJC_ISA_USAGE = YES_ERROR;
				CLANG_WARN_DOCUMENTATION_COMMENTS = YES;
				CLANG_WARN_EMPTY_BODY = YES;
				CLANG_WARN_ENUM_CONVERSION = YES;
				CLANG_WARN_INFINITE_RECURSION = YES;
				CLANG_WARN_INT_CONVERSION = YES;
				CLANG_WARN_NON_LITERAL_NULL_CONVERSION = YES;
				CLANG_WARN_OBJC_IMPLICIT_RETAIN_SELF = YES;
				CLANG_WARN_OBJC_LITERAL_CONVERSION = YES;
				CLANG_WARN_OBJC_ROOT_CLASS = YES_ERROR;
				CLANG_WARN_QUOTED_INCLUDE_IN_FRAMEWORK_HEADER = YES;
				CLANG_WARN_RANGE_LOOP_ANALYSIS = YES;
				CLANG_WARN_STRICT_PROTOTYPES = YES;
				CLANG_WARN_SUSPICIOUS_MOVE = YES;
				CLANG_WARN_UNGUARDED_AVAILABILITY = YES_AGGRESSIVE;
				CLANG_WARN_UNREACHABLE_CODE = YES;
				CLANG_WARN__DUPLICATE_METHOD_MATCH = YES;
				COPY_PHASE_STRIP = NO;
				DEBUG_INFORMATION_FORMAT = "dwarf-with-dsym";
				ENABLE_NS_ASSERTIONS = NO;
				ENABLE_STRICT_OBJC_MSGSEND = YES;
				GCC_C_LANGUAGE_STANDARD = gnu11;
				GCC_NO_COMMON_BLOCKS = YES;
				GCC_WARN_64_TO_32_BIT_CONVERSION = YES;
				GCC_WARN_ABOUT_RETURN_TYPE = YES_ERROR;
				GCC_WARN_UNDECLARED_SELECTOR = YES;
				GCC_WARN_UNINITIALIZED_AUTOS = YES_AGGRESSIVE;
				GCC_WARN_UNUSED_FUNCTION = YES;
				GCC_WARN_UNUSED_VARIABLE = YES;
				IPHONEOS_DEPLOYMENT_TARGET = 14.5;
				MTL_ENABLE_DEBUG_INFO = NO;
				MTL_FAST_MATH = YES;
				SDKROOT = iphoneos;
				SWIFT_COMPILATION_MODE = wholemodule;
				SWIFT_OPTIMIZATION_LEVEL = "-O";
				VALIDATE_PRODUCT = YES;
			};
			name = Release;
		};
		C85D48F2265AA2FF00418326 /* Debug */ = {
			isa = XCBuildConfiguration;
			buildSettings = {
				ASSETCATALOG_COMPILER_APPICON_NAME = AppIcon;
				ASSETCATALOG_COMPILER_GLOBAL_ACCENT_COLOR_NAME = AccentColor;
				CODE_SIGN_STYLE = Automatic;
				DEVELOPMENT_ASSET_PATHS = "\"ArtGallery/Preview Content\"";
				DEVELOPMENT_TEAM = F59U36GL6B;
				ENABLE_PREVIEWS = YES;
				INFOPLIST_FILE = ArtGallery/Info.plist;
				IPHONEOS_DEPLOYMENT_TARGET = 14.0;
				LD_RUNPATH_SEARCH_PATHS = (
					"$(inherited)",
					"@executable_path/Frameworks",
				);
				PRODUCT_BUNDLE_IDENTIFIER = com.egenvall.ArtGallery;
				PRODUCT_NAME = "$(TARGET_NAME)";
				SWIFT_VERSION = 5.0;
				TARGETED_DEVICE_FAMILY = "1,2";
			};
			name = Debug;
		};
		C85D48F3265AA2FF00418326 /* Release */ = {
			isa = XCBuildConfiguration;
			buildSettings = {
				ASSETCATALOG_COMPILER_APPICON_NAME = AppIcon;
				ASSETCATALOG_COMPILER_GLOBAL_ACCENT_COLOR_NAME = AccentColor;
				CODE_SIGN_STYLE = Automatic;
				DEVELOPMENT_ASSET_PATHS = "\"ArtGallery/Preview Content\"";
				DEVELOPMENT_TEAM = F59U36GL6B;
				ENABLE_PREVIEWS = YES;
				INFOPLIST_FILE = ArtGallery/Info.plist;
				IPHONEOS_DEPLOYMENT_TARGET = 14.0;
				LD_RUNPATH_SEARCH_PATHS = (
					"$(inherited)",
					"@executable_path/Frameworks",
				);
				PRODUCT_BUNDLE_IDENTIFIER = com.egenvall.ArtGallery;
				PRODUCT_NAME = "$(TARGET_NAME)";
				SWIFT_VERSION = 5.0;
				TARGETED_DEVICE_FAMILY = "1,2";
			};
			name = Release;
		};
		C85D48F5265AA2FF00418326 /* Debug */ = {
			isa = XCBuildConfiguration;
			buildSettings = {
				ALWAYS_EMBED_SWIFT_STANDARD_LIBRARIES = YES;
				BUNDLE_LOADER = "$(TEST_HOST)";
				CLANG_ENABLE_MODULES = YES;
				"CODE_SIGN_IDENTITY[sdk=macosx*]" = "Apple Development";
				CODE_SIGN_STYLE = Automatic;
				DEVELOPMENT_TEAM = F59U36GL6B;
				INFOPLIST_FILE = ArtGalleryTests/Info.plist;
				IPHONEOS_DEPLOYMENT_TARGET = 14.0;
				LD_RUNPATH_SEARCH_PATHS = (
					"$(inherited)",
					"@executable_path/Frameworks",
					"@loader_path/Frameworks",
				);
				PRODUCT_BUNDLE_IDENTIFIER = com.egenvall.ArtGalleryTests;
				PRODUCT_NAME = "$(TARGET_NAME)";
				SWIFT_OPTIMIZATION_LEVEL = "-Onone";
				SWIFT_VERSION = 5.0;
				TARGETED_DEVICE_FAMILY = "1,2";
				TEST_HOST = "$(BUILT_PRODUCTS_DIR)/ArtGallery.app/ArtGallery";
			};
			name = Debug;
		};
		C85D48F6265AA2FF00418326 /* Release */ = {
			isa = XCBuildConfiguration;
			buildSettings = {
				ALWAYS_EMBED_SWIFT_STANDARD_LIBRARIES = YES;
				BUNDLE_LOADER = "$(TEST_HOST)";
				CLANG_ENABLE_MODULES = YES;
				"CODE_SIGN_IDENTITY[sdk=macosx*]" = "Apple Development";
				CODE_SIGN_STYLE = Automatic;
				DEVELOPMENT_TEAM = F59U36GL6B;
				INFOPLIST_FILE = ArtGalleryTests/Info.plist;
				IPHONEOS_DEPLOYMENT_TARGET = 14.0;
				LD_RUNPATH_SEARCH_PATHS = (
					"$(inherited)",
					"@executable_path/Frameworks",
					"@loader_path/Frameworks",
				);
				PRODUCT_BUNDLE_IDENTIFIER = com.egenvall.ArtGalleryTests;
				PRODUCT_NAME = "$(TARGET_NAME)";
				SWIFT_VERSION = 5.0;
				TARGETED_DEVICE_FAMILY = "1,2";
				TEST_HOST = "$(BUILT_PRODUCTS_DIR)/ArtGallery.app/ArtGallery";
			};
			name = Release;
		};
/* End XCBuildConfiguration section */

/* Begin XCConfigurationList section */
		C85D48C7265AA2FD00418326 /* Build configuration list for PBXProject "ArtGallery" */ = {
			isa = XCConfigurationList;
			buildConfigurations = (
				C85D48EF265AA2FF00418326 /* Debug */,
				C85D48F0265AA2FF00418326 /* Release */,
			);
			defaultConfigurationIsVisible = 0;
			defaultConfigurationName = Release;
		};
		C85D48F1265AA2FF00418326 /* Build configuration list for PBXNativeTarget "ArtGallery" */ = {
			isa = XCConfigurationList;
			buildConfigurations = (
				C85D48F2265AA2FF00418326 /* Debug */,
				C85D48F3265AA2FF00418326 /* Release */,
			);
			defaultConfigurationIsVisible = 0;
			defaultConfigurationName = Release;
		};
		C85D48F4265AA2FF00418326 /* Build configuration list for PBXNativeTarget "ArtGalleryTests" */ = {
			isa = XCConfigurationList;
			buildConfigurations = (
				C85D48F5265AA2FF00418326 /* Debug */,
				C85D48F6265AA2FF00418326 /* Release */,
			);
			defaultConfigurationIsVisible = 0;
			defaultConfigurationName = Release;
		};
/* End XCConfigurationList section */

/* Begin XCRemoteSwiftPackageReference section */
		C85D4976265AE77400418326 /* XCRemoteSwiftPackageReference "Kingfisher" */ = {
			isa = XCRemoteSwiftPackageReference;
			repositoryURL = "https://github.com/onevcat/Kingfisher.git";
			requirement = {
				kind = upToNextMajorVersion;
				minimumVersion = 6.0.0;
			};
		};
/* End XCRemoteSwiftPackageReference section */

/* Begin XCSwiftPackageProductDependency section */
		C85D4942265AC71100418326 /* NetworkingModule */ = {
			isa = XCSwiftPackageProductDependency;
			productName = NetworkingModule;
		};
		C85D4977265AE77400418326 /* Kingfisher */ = {
			isa = XCSwiftPackageProductDependency;
			package = C85D4976265AE77400418326 /* XCRemoteSwiftPackageReference "Kingfisher" */;
			productName = Kingfisher;
		};
/* End XCSwiftPackageProductDependency section */
	};
	rootObject = C85D48C4265AA2FD00418326 /* Project object */;
}
